
Microsoft Visual Studio Solution File, Format Version 12.00
# Visual Studio Version 16
VisualStudioVersion = 16.0.34407.143
MinimumVisualStudioVersion = 10.0.40219.1
Project("{8BC9CEB8-8B4A-11D0-8D11-00A0C91BC942}") = "DogDriver", "DogDriver.vcxproj", "{6E2A3139-01AF-4160-B830-8D747E0269F2}"
EndProject
Project("{8BC9CEB8-8B4A-11D0-8D11-00A0C91BC942}") = "lab.8", "..\lab.8\lab.8.vcxproj", "{D270BEE7-4373-4702-80BD-5384F06D28ED}"
EndProject
Global
	GlobalSection(SolutionConfigurationPlatforms) = preSolution
		Debug|x64 = Debug|x64
		Debug|x86 = Debug|x86
		Release|x64 = Release|x64
		Release|x86 = Release|x86
	EndGlobalSection
	GlobalSection(ProjectConfigurationPlatforms) = postSolution
		{6E2A3139-01AF-4160-B830-8D747E0269F2}.Debug|x64.ActiveCfg = Debug|x64
		{6E2A3139-01AF-4160-B830-8D747E0269F2}.Debug|x64.Build.0 = Debug|x64
		{6E2A3139-01AF-4160-B830-8D747E0269F2}.Debug|x86.ActiveCfg = Debug|Win32
		{6E2A3139-01AF-4160-B830-8D747E0269F2}.Debug|x86.Build.0 = Debug|Win32
		{6E2A3139-01AF-4160-B830-8D747E0269F2}.Release|x64.ActiveCfg = Release|x64
		{6E2A3139-01AF-4160-B830-8D747E0269F2}.Release|x64.Build.0 = Release|x64
		{6E2A3139-01AF-4160-B830-8D747E0269F2}.Release|x86.ActiveCfg = Release|Win32
		{6E2A3139-01AF-4160-B830-8D747E0269F2}.Release|x86.Build.0 = Release|Win32
		{D270BEE7-4373-4702-80BD-5384F06D28ED}.Debug|x64.ActiveCfg = Debug|x64
		{D270BEE7-4373-4702-80BD-5384F06D28ED}.Debug|x64.Build.0 = Debug|x64
		{D270BEE7-4373-4702-80BD-5384F06D28ED}.Debug|x86.ActiveCfg = Debug|Win32
		{D270BEE7-4373-4702-80BD-5384F06D28ED}.Debug|x86.Build.0 = Debug|Win32
		{D270BEE7-4373-4702-80BD-5384F06D28ED}.Release|x64.ActiveCfg = Release|x64
		{D270BEE7-4373-4702-80BD-5384F06D28ED}.Release|x64.Build.0 = Release|x64
		{D270BEE7-4373-4702-80BD-5384F06D28ED}.Release|x86.ActiveCfg = Release|Win32
		{D270BEE7-4373-4702-80BD-5384F06D28ED}.Release|x86.Build.0 = Release|Win32
	EndGlobalSection
	GlobalSection(SolutionProperties) = preSolution
		HideSolutionNode = FALSE
	EndGlobalSection
	GlobalSection(ExtensibilityGlobals) = postSolution
		SolutionGuid = {474C4BCE-45D0-4677-ABE8-3D6C017B7E2F}
	EndGlobalSection
EndGlobal
